<?xml version="1.0" encoding="utf-8"?>
<Project ToolsVersion="4.0" xmlns="http://schemas.microsoft.com/developer/msbuild/2003">
  <ItemGroup>
    <ClCompile Include="Adapter.c" />
    <ClCompile Include="filter.c" />
    <ClCompile Include="flt_dbg.c" />
    <ClCompile Include="KernelUtil.c" />
    <ClCompile Include="KmLock.c" />
    <ClCompile Include="KmList.c" />
    <ClCompile Include="NdisMemoryManager.c" />
    <ClCompile Include="KmThreads.c" />
    <ClCompile Include="KmMemoryManager.c" />
    <ClCompile Include="WfpMemoryManager.c" />
    <ClCompile Include="WfpFlt.c" />
    <ClCompile Include="BfeStateWatcher.c" />
    <ClCompile Include="WfpUtils.c" />
    <ClCompile Include="KmConnections.c" />
    <ClCompile Include="KmProcessWatcher.c" />
    <ClCompile Include="KmMemoryPool.c" />
    <ClCompile Include="KmInterModeComms.c" />
  </ItemGroup>
  <ItemGroup>
    <ClInclude Include="Adapter.h" />
    <ClInclude Include="KernelUtil.h" />
    <ClInclude Include="..\shared\CommonDefs.h" />
    <ClInclude Include="KmList.h" />
    <ClInclude Include="KmLock.h" />
    <ClInclude Include="NdisMemoryManager.h" />
    <ClInclude Include="KmTypes.h" />
    <ClInclude Include="WfpFlt.h" />
    <ClInclude Include="KmThreads.h" />
    <ClInclude Include="WfpMemoryManager.h" />
    <ClInclude Include="BfeStateWatcher.h" />
    <ClInclude Include="KmMemoryManager.h" />
    <ClInclude Include="WfpUtils.h" />
    <ClInclude Include="KmConnections.h" />
    <ClInclude Include="flt_dbg.h" />
    <ClInclude Include="..\shared\SharedTypes.h" />
    <ClInclude Include="KmProcessWatcher.h" />
    <ClInclude Include="KmMemoryPool.h" />
    <ClInclude Include="KmInterModeComms.h" />
  </ItemGroup>
  <ItemGroup>
    <ResourceCompile Include="filter.rc" />
  </ItemGroup>
  <ItemGroup>
    <Inf Include="*.inf" />
  </ItemGroup>
</Project>